github.com/Z3Prover/z3/src/api/go v0.0.0-20260225001746-5ccc2cd8c082 h1:gKptsJQ+kvGKV4VVAQ518eeWqvJip/EV+7XAHqn9iic=
github.com/Z3Prover/z3/src/api/go v0.0.0-20260225001746-5ccc2cd8c082/go.mod h1:4uqsFzLnAPPSuF7CqYgRd7/UeSBfz8tCtTSocv4uzkU=
github.com/Z3Prover/z3/src/api/go v0.0.0-20260225172245-c51f45bf5e86 h1:Havq4bcLjFYqV+CEKUPLY1ZgZcr2g9DN3nmAlGV+2nk=
github.com/Z3Prover/z3/src/api/go v0.0.0-20260225172245-c51f45bf5e86/go.mod h1:4uqsFzLnAPPSuF7CqYgRd7/UeSBfz8tCtTSocv4uzkU=
github.com/Z3Prover/z3/src/api/go v0.0.0-20260226172756-a384e464e3ac h1:X+BH7yRxSigISC0aeAliFxQB6igBsvMOdMWFcI86X3A=
github.com/Z3Prover/z3/src/api/go v0.0.0-20260226172756-a384e464e3ac/go.mod h1:4uqsFzLnAPPSuF7CqYgRd7/UeSBfz8tCtTSocv4uzkU=
