github.com/Z3Prover/z3/src/api/go v0.0.0-20260225001746-5ccc2cd8c082 h1:gKptsJQ+kvGKV4VVAQ518eeWqvJip/EV+7XAHqn9iic=
github.com/Z3Prover/z3/src/api/go v0.0.0-20260225001746-5ccc2cd8c082/go.mod h1:4uqsFzLnAPPSuF7CqYgRd7/UeSBfz8tCtTSocv4uzkU=
github.com/Z3Prover/z3/src/api/go v0.0.0-20260225172245-c51f45bf5e86 h1:Havq4bcLjFYqV+CEKUPLY1ZgZcr2g9DN3nmAlGV+2nk=
github.com/Z3Prover/z3/src/api/go v0.0.0-20260225172245-c51f45bf5e86/go.mod h1:4uqsFzLnAPPSuF7CqYgRd7/UeSBfz8tCtTSocv4uzkU=
github.com/Z3Prover/z3/src/api/go v0.0.0-20260226172756-a384e464e3ac h1:X+BH7yRxSigISC0aeAliFxQB6igBsvMOdMWFcI86X3A=
github.com/Z3Prover/z3/src/api/go v0.0.0-20260226172756-a384e464e3ac/go.mod h1:4uqsFzLnAPPSuF7CqYgRd7/UeSBfz8tCtTSocv4uzkU=
github.com/Z3Prover/z3/src/api/go v0.0.0-20260306002626-84a7566c3aa8 h1:EqeLLdBjkZuvvMZSf9vZQFiIv2uw8feV1agh2cqDPc8=
github.com/Z3Prover/z3/src/api/go v0.0.0-20260306002626-84a7566c3aa8/go.mod h1:4uqsFzLnAPPSuF7CqYgRd7/UeSBfz8tCtTSocv4uzkU=
github.com/Z3Prover/z3/src/api/go v0.0.0-20260306185434-8a146a92ec64 h1:OGnVn/SF/m7I7OYX0cXz+RvMwg9bI5/IGPSx/tTy5vA=
github.com/Z3Prover/z3/src/api/go v0.0.0-20260306185434-8a146a92ec64/go.mod h1:4uqsFzLnAPPSuF7CqYgRd7/UeSBfz8tCtTSocv4uzkU=
github.com/Z3Prover/z3/src/api/go v0.0.0-20260310184819-235448d929ac h1:NoQy5fzJ7/C6h5BdNvtwY92i+SKyDXnqlOW+gyGe8UU=
github.com/Z3Prover/z3/src/api/go v0.0.0-20260310184819-235448d929ac/go.mod h1:4uqsFzLnAPPSuF7CqYgRd7/UeSBfz8tCtTSocv4uzkU=
github.com/Z3Prover/z3/src/api/go v0.0.0-20260313000719-6e5971641f5f h1:kk5NdDEgda7KYep74GfCTxl6DtYFuHd1Lhscv9LZbyg=
github.com/Z3Prover/z3/src/api/go v0.0.0-20260313000719-6e5971641f5f/go.mod h1:4uqsFzLnAPPSuF7CqYgRd7/UeSBfz8tCtTSocv4uzkU=
github.com/Z3Prover/z3/src/api/go v0.0.0-20260314171342-b8e15f2121b9 h1:F3OIy9Hi+vU7679QrpUJIfbYvUxwcACK70JWi4v1iaA=
github.com/Z3Prover/z3/src/api/go v0.0.0-20260314171342-b8e15f2121b9/go.mod h1:4uqsFzLnAPPSuF7CqYgRd7/UeSBfz8tCtTSocv4uzkU=
github.com/Z3Prover/z3/src/api/go v0.0.0-20260315161304-6fb68ac010da h1:Zjn2i2HbHVynDE7BgwKVRoABruMvH9JNQ3pco/Ln/24=
github.com/Z3Prover/z3/src/api/go v0.0.0-20260315161304-6fb68ac010da/go.mod h1:4uqsFzLnAPPSuF7CqYgRd7/UeSBfz8tCtTSocv4uzkU=
github.com/Z3Prover/z3/src/api/go v0.0.0-20260315223937-fe6efef8088b h1:dV56kVA6pNIUWZOgSKgYJwdaqzTi9s8awjSNFb+kC7M=
github.com/Z3Prover/z3/src/api/go v0.0.0-20260315223937-fe6efef8088b/go.mod h1:4uqsFzLnAPPSuF7CqYgRd7/UeSBfz8tCtTSocv4uzkU=
github.com/Z3Prover/z3/src/api/go v0.0.0-20260320181937-4a8c9729bf1b h1:fLUrVKEjf0L9PYLApd1Fb/NMRMP56u17kojmpL+aMjQ=
github.com/Z3Prover/z3/src/api/go v0.0.0-20260320181937-4a8c9729bf1b/go.mod h1:4uqsFzLnAPPSuF7CqYgRd7/UeSBfz8tCtTSocv4uzkU=
github.com/Z3Prover/z3/src/api/go v0.0.0-20260321222035-acd5a4cd59f7 h1:hq5c39WP9oQt6XSnTFbTvsq36N2fQ9BPwxpG7I0TW+0=
github.com/Z3Prover/z3/src/api/go v0.0.0-20260321222035-acd5a4cd59f7/go.mod h1:4uqsFzLnAPPSuF7CqYgRd7/UeSBfz8tCtTSocv4uzkU=
github.com/Z3Prover/z3/src/api/go v0.0.0-20260323030418-19827a85996a h1:l5eE1QbPg0FFxu5vE026LmPD+dJnjqBMg8Cl86WJyIw=
github.com/Z3Prover/z3/src/api/go v0.0.0-20260323030418-19827a85996a/go.mod h1:4uqsFzLnAPPSuF7CqYgRd7/UeSBfz8tCtTSocv4uzkU=
github.com/Z3Prover/z3/src/api/go v0.0.0-20260324162805-456b99ced271 h1:53vlrQDdcfeseJVKLCIrCUnBojEDQxeMoKJ6ZYSPvKA=
github.com/Z3Prover/z3/src/api/go v0.0.0-20260324162805-456b99ced271/go.mod h1:4uqsFzLnAPPSuF7CqYgRd7/UeSBfz8tCtTSocv4uzkU=
github.com/Z3Prover/z3/src/api/go v0.0.0-20260331211534-56a82597176a h1:lY+EhYfOq7BKc8kRGbCrEsTJMiMQ4GO/LbTQGpUkpJU=
github.com/Z3Prover/z3/src/api/go v0.0.0-20260331211534-56a82597176a/go.mod h1:4uqsFzLnAPPSuF7CqYgRd7/UeSBfz8tCtTSocv4uzkU=
github.com/Z3Prover/z3/src/api/go v0.0.0-20260401162745-3879e2190a76 h1:9reEJATly62QGprAh32hwLgxHabPvz6qCtTMnozW4T0=
github.com/Z3Prover/z3/src/api/go v0.0.0-20260401162745-3879e2190a76/go.mod h1:4uqsFzLnAPPSuF7CqYgRd7/UeSBfz8tCtTSocv4uzkU=
github.com/Z3Prover/z3/src/api/go v0.0.0-20260402154825-8d7ed66ebfa9 h1:rpExnwodxqbHAKiyHfKJyxj49nGNkJqOeoQGV+Gy3sQ=
github.com/Z3Prover/z3/src/api/go v0.0.0-20260402154825-8d7ed66ebfa9/go.mod h1:4uqsFzLnAPPSuF7CqYgRd7/UeSBfz8tCtTSocv4uzkU=
github.com/Z3Prover/z3/src/api/go v0.0.0-20260406003411-477a1d817da4 h1:pN3YUaU3OYsoMnRotGoUy5iTa88hHiiPQLT+Xb9lFkQ=
github.com/Z3Prover/z3/src/api/go v0.0.0-20260406003411-477a1d817da4/go.mod h1:4uqsFzLnAPPSuF7CqYgRd7/UeSBfz8tCtTSocv4uzkU=
github.com/Z3Prover/z3/src/api/go v0.0.0-20260413012655-1d19d4a0dc13 h1:ahtzOm+772d2C2MWv6JRmgNSXwR0SRdyuvDjjQrrEBk=
github.com/Z3Prover/z3/src/api/go v0.0.0-20260413012655-1d19d4a0dc13/go.mod h1:4uqsFzLnAPPSuF7CqYgRd7/UeSBfz8tCtTSocv4uzkU=
github.com/Z3Prover/z3/src/api/go v0.0.0-20260416012233-daf2506b6002 h1:sWXVvPO0/p1tRHKdYI9fOPBW8O43icAvd1qr8sw3PJQ=
github.com/Z3Prover/z3/src/api/go v0.0.0-20260416012233-daf2506b6002/go.mod h1:4uqsFzLnAPPSuF7CqYgRd7/UeSBfz8tCtTSocv4uzkU=
github.com/Z3Prover/z3/src/api/go v0.0.0-20260421172655-a155b2f86f7e h1:hTdACp10N/aaZOB4x9ZzaZOwdvm+6IjfFta19g/yKk8=
github.com/Z3Prover/z3/src/api/go v0.0.0-20260421172655-a155b2f86f7e/go.mod h1:4uqsFzLnAPPSuF7CqYgRd7/UeSBfz8tCtTSocv4uzkU=
github.com/Z3Prover/z3/src/api/go v0.0.0-20260423014044-abd378e9d854 h1:i/vnHIXYKfbKJtTjmTXA9Z4rXC9JmuqS0nkP/Izx9Js=
github.com/Z3Prover/z3/src/api/go v0.0.0-20260423014044-abd378e9d854/go.mod h1:4uqsFzLnAPPSuF7CqYgRd7/UeSBfz8tCtTSocv4uzkU=
github.com/Z3Prover/z3/src/api/go v0.0.0-20260429003111-6d38d5ed41dc h1:vWsgHhm4IUBhus0sQwHHY1TU0G2nkhAs/2l3efZ+jXU=
github.com/Z3Prover/z3/src/api/go v0.0.0-20260429003111-6d38d5ed41dc/go.mod h1:4uqsFzLnAPPSuF7CqYgRd7/UeSBfz8tCtTSocv4uzkU=
github.com/Z3Prover/z3/src/api/go v0.0.0-20260430001845-b9be33bb06b5 h1:c+q+iyy3LlnFQxVB2/7OexawMRdAHFgusPa/WtLmXeM=
github.com/Z3Prover/z3/src/api/go v0.0.0-20260430001845-b9be33bb06b5/go.mod h1:4uqsFzLnAPPSuF7CqYgRd7/UeSBfz8tCtTSocv4uzkU=
github.com/Z3Prover/z3/src/api/go v0.0.0-20260430184108-b9109f031e64 h1:rAGH1/4FVwZgm6xB/ibSRopiCuKq4X5aJGdhSTAz/mA=
github.com/Z3Prover/z3/src/api/go v0.0.0-20260430184108-b9109f031e64/go.mod h1:4uqsFzLnAPPSuF7CqYgRd7/UeSBfz8tCtTSocv4uzkU=
github.com/Z3Prover/z3/src/api/go v0.0.0-20260504162947-1c6943c2cb9e h1:TONbRxQwFINRG40OQAEr0vfX62BeNeB/TNs/52EAtQ4=
github.com/Z3Prover/z3/src/api/go v0.0.0-20260504162947-1c6943c2cb9e/go.mod h1:4uqsFzLnAPPSuF7CqYgRd7/UeSBfz8tCtTSocv4uzkU=
github.com/Z3Prover/z3/src/api/go v0.0.0-20260507223231-2c7b256db21f h1:oIcw+ShXLsPu3GHVeqHe2m0+Wk/qpqiX0aBghpf6GEk=
github.com/Z3Prover/z3/src/api/go v0.0.0-20260507223231-2c7b256db21f/go.mod h1:4uqsFzLnAPPSuF7CqYgRd7/UeSBfz8tCtTSocv4uzkU=
github.com/Z3Prover/z3/src/api/go v0.0.0-20260513011927-85465dcc66a4 h1:Zq0qjJkYdwvEaSsjK2Td2xt7MCCS3DwmzJAUV0S802s=
github.com/Z3Prover/z3/src/api/go v0.0.0-20260513011927-85465dcc66a4/go.mod h1:4uqsFzLnAPPSuF7CqYgRd7/UeSBfz8tCtTSocv4uzkU=
github.com/Z3Prover/z3/src/api/go v0.0.0-20260513215905-09b75d212207 h1:n7ilBLfDllTspzIe5GXaLhDpBc5Ch9BGjNfCRxcm+TQ=
github.com/Z3Prover/z3/src/api/go v0.0.0-20260513215905-09b75d212207/go.mod h1:4uqsFzLnAPPSuF7CqYgRd7/UeSBfz8tCtTSocv4uzkU=
github.com/Z3Prover/z3/src/api/go v0.0.0-20260519205617-bc6c38e7d342 h1:AkcLX8E3ZlLGACanBt6n2vs1Mf9AsFrrRrWFpos+3sY=
github.com/Z3Prover/z3/src/api/go v0.0.0-20260519205617-bc6c38e7d342/go.mod h1:4uqsFzLnAPPSuF7CqYgRd7/UeSBfz8tCtTSocv4uzkU=
github.com/Z3Prover/z3/src/api/go v0.0.0-20260521222435-286b107d7da5 h1:ws+qM4AtODoxlu4S8FpgObzb3ZPuUjshzMuQggowCaU=
github.com/Z3Prover/z3/src/api/go v0.0.0-20260521222435-286b107d7da5/go.mod h1:4uqsFzLnAPPSuF7CqYgRd7/UeSBfz8tCtTSocv4uzkU=
github.com/Z3Prover/z3/src/api/go v0.0.0-20260524224810-24bb93c3e4bd h1:0qISYAubxJMye8BEmiNJyJblsgRNBclrCQRMRKIRtkk=
github.com/Z3Prover/z3/src/api/go v0.0.0-20260524224810-24bb93c3e4bd/go.mod h1:4uqsFzLnAPPSuF7CqYgRd7/UeSBfz8tCtTSocv4uzkU=
github.com/Z3Prover/z3/src/api/go v0.0.0-20260527213737-9d09a050e8d5 h1:L75l0So/rEBrS7j/OUoYWlMMajaq06OaYZqrYncw51I=
github.com/Z3Prover/z3/src/api/go v0.0.0-20260527213737-9d09a050e8d5/go.mod h1:4uqsFzLnAPPSuF7CqYgRd7/UeSBfz8tCtTSocv4uzkU=
github.com/Z3Prover/z3/src/api/go v0.0.0-20260528160605-b74e35f4fba5 h1:g4J41fPE1jp6JMD+SM2KhPLhGqvvK4pKdy9RyE6RkRQ=
github.com/Z3Prover/z3/src/api/go v0.0.0-20260528160605-b74e35f4fba5/go.mod h1:4uqsFzLnAPPSuF7CqYgRd7/UeSBfz8tCtTSocv4uzkU=
github.com/Z3Prover/z3/src/api/go v0.0.0-20260531052115-24e5a6ae3f2c h1:A0teE8S4DgiydWNcDjrHBf/hm03NMO8g+wstAIVcezg=
github.com/Z3Prover/z3/src/api/go v0.0.0-20260531052115-24e5a6ae3f2c/go.mod h1:4uqsFzLnAPPSuF7CqYgRd7/UeSBfz8tCtTSocv4uzkU=
github.com/Z3Prover/z3/src/api/go v0.0.0-20260604231419-cfc5b4d0961f h1:y1zNlwehfY8hb1RaKUEW1CcP5M3vz7vWC8FZto0/Jwk=
github.com/Z3Prover/z3/src/api/go v0.0.0-20260604231419-cfc5b4d0961f/go.mod h1:4uqsFzLnAPPSuF7CqYgRd7/UeSBfz8tCtTSocv4uzkU=
github.com/Z3Prover/z3/src/api/go v0.0.0-20260612061042-e05ebe8befde h1:u+HPFPcPnfyd9Xsfj6K9mmvlc0BsH157myoY8P7mNQY=
github.com/Z3Prover/z3/src/api/go v0.0.0-20260612061042-e05ebe8befde/go.mod h1:4uqsFzLnAPPSuF7CqYgRd7/UeSBfz8tCtTSocv4uzkU=
github.com/Z3Prover/z3/src/api/go v0.0.0-20260615175941-c67bb140dcd3 h1:fBGdN40/ZGsI0qx+RQ+0H4CosJNNSmD2NDYJeU4PSgA=
github.com/Z3Prover/z3/src/api/go v0.0.0-20260615175941-c67bb140dcd3/go.mod h1:4uqsFzLnAPPSuF7CqYgRd7/UeSBfz8tCtTSocv4uzkU=
github.com/Z3Prover/z3/src/api/go v0.0.0-20260618234208-76cceddb73f0 h1:C9zQKKQpmGlyE+VV30AFLCaS2mtKvJe3NBAQwXCzYW4=
github.com/Z3Prover/z3/src/api/go v0.0.0-20260618234208-76cceddb73f0/go.mod h1:4uqsFzLnAPPSuF7CqYgRd7/UeSBfz8tCtTSocv4uzkU=
github.com/Z3Prover/z3/src/api/go v0.0.0-20260621005948-c0ec4259e56b h1:iE8MCI6JeS/VJv3hvRgmHuQWU3EgoAb4I7nM2kQ0sAs=
github.com/Z3Prover/z3/src/api/go v0.0.0-20260621005948-c0ec4259e56b/go.mod h1:4uqsFzLnAPPSuF7CqYgRd7/UeSBfz8tCtTSocv4uzkU=
github.com/Z3Prover/z3/src/api/go v0.0.0-20260626163812-6a62a531819d h1:ypTrNPpRg9T55O3zg45L4/oxNF/wVw+F4IFyXf4gsw8=
github.com/Z3Prover/z3/src/api/go v0.0.0-20260626163812-6a62a531819d/go.mod h1:4uqsFzLnAPPSuF7CqYgRd7/UeSBfz8tCtTSocv4uzkU=
github.com/Z3Prover/z3/src/api/go v0.0.0-20260702222336-f15584cdae31 h1:hpN3U5UMk5oQRyxIp9sC8KnyytVeTYgz0Q5iS2cUarU=
github.com/Z3Prover/z3/src/api/go v0.0.0-20260702222336-f15584cdae31/go.mod h1:4uqsFzLnAPPSuF7CqYgRd7/UeSBfz8tCtTSocv4uzkU=
github.com/Z3Prover/z3/src/api/go v0.0.0-20260709154551-5a55ed7cfb5c h1:A47CWVLQbUXqVPbLiTf1e3BpBzVWolSuoaVA6rO2qg0=
github.com/Z3Prover/z3/src/api/go v0.0.0-20260709154551-5a55ed7cfb5c/go.mod h1:4uqsFzLnAPPSuF7CqYgRd7/UeSBfz8tCtTSocv4uzkU=
github.com/Z3Prover/z3/src/api/go v0.0.0-20260709173923-ed6e2a241d13 h1:AsZ6/i8UUIbavcNEDrtNfBYGITRObmpAS0yJGz4e+Zw=
github.com/Z3Prover/z3/src/api/go v0.0.0-20260709173923-ed6e2a241d13/go.mod h1:4uqsFzLnAPPSuF7CqYgRd7/UeSBfz8tCtTSocv4uzkU=
github.com/Z3Prover/z3/src/api/go v0.0.0-20260715182920-661bb130397b h1:E6c+ARxUdt74hzI/15FJnIVuUKZst6NOEj0Kbu7OrUA=
github.com/Z3Prover/z3/src/api/go v0.0.0-20260715182920-661bb130397b/go.mod h1:4uqsFzLnAPPSuF7CqYgRd7/UeSBfz8tCtTSocv4uzkU=
github.com/Z3Prover/z3/src/api/go v0.0.0-20260717003414-8e3402b215a8 h1:erwco321x5QIbX1rd+WkTXmUqGOkXert9mJ3vtAQhxo=
github.com/Z3Prover/z3/src/api/go v0.0.0-20260717003414-8e3402b215a8/go.mod h1:4uqsFzLnAPPSuF7CqYgRd7/UeSBfz8tCtTSocv4uzkU=
